// !$*UTF8*$!
{
	archiveVersion = 1;
	classes = {
	};
	objectVersion = 56;
	objects = {

/* Begin PBXBuildFile section */
		8314620F2C19F91A00900CB3 /* CodingKitApp.swift in Sources */ = {isa = PBXBuildFile; fileRef = 8314620E2C19F91A00900CB3 /* CodingKitApp.swift */; };
		831462112C19F91A00900CB3 /* CodingKitTabView.swift in Sources */ = {isa = PBXBuildFile; fileRef = 831462102C19F91A00900CB3 /* CodingKitTabView.swift */; };
		831462132C19F91D00900CB3 /* Assets.xcassets in Resources */ = {isa = PBXBuildFile; fileRef = 831462122C19F91D00900CB3 /* Assets.xcassets */; };
		831462172C19F91D00900CB3 /* Preview Assets.xcassets in Resources */ = {isa = PBXBuildFile; fileRef = 831462162C19F91D00900CB3 /* Preview Assets.xcassets */; };
		831462212C19F91D00900CB3 /* LoginViewModelTests.swift in Sources */ = {isa = PBXBuildFile; fileRef = 831462202C19F91D00900CB3 /* LoginViewModelTests.swift */; };
		8314622B2C19F91D00900CB3 /* CodingKitUITests.swift in Sources */ = {isa = PBXBuildFile; fileRef = 8314622A2C19F91D00900CB3 /* CodingKitUITests.swift */; };
		8314622D2C19F91D00900CB3 /* CodingKitUITestsLaunchTests.swift in Sources */ = {isa = PBXBuildFile; fileRef = 8314622C2C19F91D00900CB3 /* CodingKitUITestsLaunchTests.swift */; };
		8314623A2C1A14D300900CB3 /* ProfilePageView.swift in Sources */ = {isa = PBXBuildFile; fileRef = 831462392C1A14D300900CB3 /* ProfilePageView.swift */; };
		8314623C2C1A17D200900CB3 /* HomePageView.swift in Sources */ = {isa = PBXBuildFile; fileRef = 8314623B2C1A17D200900CB3 /* HomePageView.swift */; };
		8314623E2C1AE54300900CB3 /* LoginView.swift in Sources */ = {isa = PBXBuildFile; fileRef = 8314623D2C1AE54300900CB3 /* LoginView.swift */; };
		831462452C22DA2F00900CB3 /* LoginViewModel.swift in Sources */ = {isa = PBXBuildFile; fileRef = 831462442C22DA2F00900CB3 /* LoginViewModel.swift */; };
		839B643C2C25617600538818 /* HomePageViewModelTests.swift in Sources */ = {isa = PBXBuildFile; fileRef = 839B643B2C25617600538818 /* HomePageViewModelTests.swift */; };
		839B64442C2580BF00538818 /* SessionTimerView.swift in Sources */ = {isa = PBXBuildFile; fileRef = 839B64432C2580BF00538818 /* SessionTimerView.swift */; };
		839B64462C25814D00538818 /* RotationTimerView.swift in Sources */ = {isa = PBXBuildFile; fileRef = 839B64452C25814D00538818 /* RotationTimerView.swift */; };
		839B64482C2581C000538818 /* NotesView.swift in Sources */ = {isa = PBXBuildFile; fileRef = 839B64472C2581C000538818 /* NotesView.swift */; };
		839B644A2C25821800538818 /* TDDChecklistView.swift in Sources */ = {isa = PBXBuildFile; fileRef = 839B64492C25821800538818 /* TDDChecklistView.swift */; };
		83D8C9052C23115500476558 /* HomePageModel.swift in Sources */ = {isa = PBXBuildFile; fileRef = 83D8C9042C23115500476558 /* HomePageModel.swift */; };
		83D8C9072C2412FD00476558 /* HomePageViewModel.swift in Sources */ = {isa = PBXBuildFile; fileRef = 83D8C9062C2412FD00476558 /* HomePageViewModel.swift */; };
/* End PBXBuildFile section */

/* Begin PBXContainerItemProxy section */
		8314621D2C19F91D00900CB3 /* PBXContainerItemProxy */ = {
			isa = PBXContainerItemProxy;
			containerPortal = 831462032C19F91A00900CB3 /* Project object */;
			proxyType = 1;
			remoteGlobalIDString = 8314620A2C19F91A00900CB3;
			remoteInfo = CodingKit;
		};
		831462272C19F91D00900CB3 /* PBXContainerItemProxy */ = {
			isa = PBXContainerItemProxy;
			containerPortal = 831462032C19F91A00900CB3 /* Project object */;
			proxyType = 1;
			remoteGlobalIDString = 8314620A2C19F91A00900CB3;
			remoteInfo = CodingKit;
		};
/* End PBXContainerItemProxy section */

/* Begin PBXFileReference section */
		8314620B2C19F91A00900CB3 /* CodingKit.app */ = {isa = PBXFileReference; explicitFileType = wrapper.application; includeInIndex = 0; path = CodingKit.app; sourceTree = BUILT_PRODUCTS_DIR; };
		8314620E2C19F91A00900CB3 /* CodingKitApp.swift */ = {isa = PBXFileReference; lastKnownFileType = sourcecode.swift; path = CodingKitApp.swift; sourceTree = "<group>"; };
		831462102C19F91A00900CB3 /* CodingKitTabView.swift */ = {isa = PBXFileReference; lastKnownFileType = sourcecode.swift; path = CodingKitTabView.swift; sourceTree = "<group>"; };
		831462122C19F91D00900CB3 /* Assets.xcassets */ = {isa = PBXFileReference; lastKnownFileType = folder.assetcatalog; path = Assets.xcassets; sourceTree = "<group>"; };
		831462142C19F91D00900CB3 /* CodingKit.entitlements */ = {isa = PBXFileReference; lastKnownFileType = text.plist.entitlements; path = CodingKit.entitlements; sourceTree = "<group>"; };
		831462162C19F91D00900CB3 /* Preview Assets.xcassets */ = {isa = PBXFileReference; lastKnownFileType = folder.assetcatalog; path = "Preview Assets.xcassets"; sourceTree = "<group>"; };
		8314621C2C19F91D00900CB3 /* CodingKitTests.xctest */ = {isa = PBXFileReference; explicitFileType = wrapper.cfbundle; includeInIndex = 0; path = CodingKitTests.xctest; sourceTree = BUILT_PRODUCTS_DIR; };
		831462202C19F91D00900CB3 /* LoginViewModelTests.swift */ = {isa = PBXFileReference; lastKnownFileType = sourcecode.swift; path = LoginViewModelTests.swift; sourceTree = "<group>"; };
		831462262C19F91D00900CB3 /* CodingKitUITests.xctest */ = {isa = PBXFileReference; explicitFileType = wrapper.cfbundle; includeInIndex = 0; path = CodingKitUITests.xctest; sourceTree = BUILT_PRODUCTS_DIR; };
		8314622A2C19F91D00900CB3 /* CodingKitUITests.swift */ = {isa = PBXFileReference; lastKnownFileType = sourcecode.swift; path = CodingKitUITests.swift; sourceTree = "<group>"; };
		8314622C2C19F91D00900CB3 /* CodingKitUITestsLaunchTests.swift */ = {isa = PBXFileReference; lastKnownFileType = sourcecode.swift; path = CodingKitUITestsLaunchTests.swift; sourceTree = "<group>"; };
		831462392C1A14D300900CB3 /* ProfilePageView.swift */ = {isa = PBXFileReference; lastKnownFileType = sourcecode.swift; path = ProfilePageView.swift; sourceTree = "<group>"; };
		8314623B2C1A17D200900CB3 /* HomePageView.swift */ = {isa = PBXFileReference; lastKnownFileType = sourcecode.swift; path = HomePageView.swift; sourceTree = "<group>"; };
		8314623D2C1AE54300900CB3 /* LoginView.swift */ = {isa = PBXFileReference; lastKnownFileType = sourcecode.swift; path = LoginView.swift; sourceTree = "<group>"; };
		831462442C22DA2F00900CB3 /* LoginViewModel.swift */ = {isa = PBXFileReference; lastKnownFileType = sourcecode.swift; path = LoginViewModel.swift; sourceTree = "<group>"; };
		839B643B2C25617600538818 /* HomePageViewModelTests.swift */ = {isa = PBXFileReference; lastKnownFileType = sourcecode.swift; path = HomePageViewModelTests.swift; sourceTree = "<group>"; };
		839B64432C2580BF00538818 /* SessionTimerView.swift */ = {isa = PBXFileReference; lastKnownFileType = sourcecode.swift; path = SessionTimerView.swift; sourceTree = "<group>"; };
		839B64452C25814D00538818 /* RotationTimerView.swift */ = {isa = PBXFileReference; lastKnownFileType = sourcecode.swift; path = RotationTimerView.swift; sourceTree = "<group>"; };
		839B64472C2581C000538818 /* NotesView.swift */ = {isa = PBXFileReference; lastKnownFileType = sourcecode.swift; path = NotesView.swift; sourceTree = "<group>"; };
		839B64492C25821800538818 /* TDDChecklistView.swift */ = {isa = PBXFileReference; lastKnownFileType = sourcecode.swift; path = TDDChecklistView.swift; sourceTree = "<group>"; };
		83D8C9042C23115500476558 /* HomePageModel.swift */ = {isa = PBXFileReference; lastKnownFileType = sourcecode.swift; path = HomePageModel.swift; sourceTree = "<group>"; };
		83D8C9062C2412FD00476558 /* HomePageViewModel.swift */ = {isa = PBXFileReference; lastKnownFileType = sourcecode.swift; path = HomePageViewModel.swift; sourceTree = "<group>"; };
/* End PBXFileReference section */

/* Begin PBXFrameworksBuildPhase section */
		831462082C19F91A00900CB3 /* Frameworks */ = {
			isa = PBXFrameworksBuildPhase;
			buildActionMask = 2147483647;
			files = (
			);
			runOnlyForDeploymentPostprocessing = 0;
		};
		831462192C19F91D00900CB3 /* Frameworks */ = {
			isa = PBXFrameworksBuildPhase;
			buildActionMask = 2147483647;
			files = (
			);
			runOnlyForDeploymentPostprocessing = 0;
		};
		831462232C19F91D00900CB3 /* Frameworks */ = {
			isa = PBXFrameworksBuildPhase;
			buildActionMask = 2147483647;
			files = (
			);
			runOnlyForDeploymentPostprocessing = 0;
		};
/* End PBXFrameworksBuildPhase section */

/* Begin PBXGroup section */
		831462022C19F91A00900CB3 = {
			isa = PBXGroup;
			children = (
				8314620D2C19F91A00900CB3 /* CodingKit */,
				8314621F2C19F91D00900CB3 /* CodingKitTests */,
				831462292C19F91D00900CB3 /* CodingKitUITests */,
				8314620C2C19F91A00900CB3 /* Products */,
			);
			sourceTree = "<group>";
		};
		8314620C2C19F91A00900CB3 /* Products */ = {
			isa = PBXGroup;
			children = (
				8314620B2C19F91A00900CB3 /* CodingKit.app */,
				8314621C2C19F91D00900CB3 /* CodingKitTests.xctest */,
				831462262C19F91D00900CB3 /* CodingKitUITests.xctest */,
			);
			name = Products;
			sourceTree = "<group>";
		};
		8314620D2C19F91A00900CB3 /* CodingKit */ = {
			isa = PBXGroup;
			children = (
				8314623F2C22CC7F00900CB3 /* Source */,
				8314620E2C19F91A00900CB3 /* CodingKitApp.swift */,
				831462122C19F91D00900CB3 /* Assets.xcassets */,
				831462142C19F91D00900CB3 /* CodingKit.entitlements */,
				831462152C19F91D00900CB3 /* Preview Content */,
			);
			path = CodingKit;
			sourceTree = "<group>";
		};
		831462152C19F91D00900CB3 /* Preview Content */ = {
			isa = PBXGroup;
			children = (
				831462162C19F91D00900CB3 /* Preview Assets.xcassets */,
			);
			path = "Preview Content";
			sourceTree = "<group>";
		};
		8314621F2C19F91D00900CB3 /* CodingKitTests */ = {
			isa = PBXGroup;
			children = (
				831462202C19F91D00900CB3 /* LoginViewModelTests.swift */,
				839B643B2C25617600538818 /* HomePageViewModelTests.swift */,
			);
			path = CodingKitTests;
			sourceTree = "<group>";
		};
		831462292C19F91D00900CB3 /* CodingKitUITests */ = {
			isa = PBXGroup;
			children = (
				8314622A2C19F91D00900CB3 /* CodingKitUITests.swift */,
				8314622C2C19F91D00900CB3 /* CodingKitUITestsLaunchTests.swift */,
			);
			path = CodingKitUITests;
			sourceTree = "<group>";
		};
		8314623F2C22CC7F00900CB3 /* Source */ = {
			isa = PBXGroup;
			children = (
				831462402C22D89D00900CB3 /* Login */,
				831462412C22D8B000900CB3 /* CodingKitTab */,
				831462432C22D8E300900CB3 /* Home */,
				831462422C22D8D000900CB3 /* ProfilePage */,
			);
			path = Source;
			sourceTree = "<group>";
		};
		831462402C22D89D00900CB3 /* Login */ = {
			isa = PBXGroup;
			children = (
				8314623D2C1AE54300900CB3 /* LoginView.swift */,
				831462442C22DA2F00900CB3 /* LoginViewModel.swift */,
			);
			path = Login;
			sourceTree = "<group>";
		};
		831462412C22D8B000900CB3 /* CodingKitTab */ = {
			isa = PBXGroup;
			children = (
				831462102C19F91A00900CB3 /* CodingKitTabView.swift */,
			);
			path = CodingKitTab;
			sourceTree = "<group>";
		};
		831462422C22D8D000900CB3 /* ProfilePage */ = {
			isa = PBXGroup;
			children = (
				831462392C1A14D300900CB3 /* ProfilePageView.swift */,
			);
			path = ProfilePage;
			sourceTree = "<group>";
		};
		831462432C22D8E300900CB3 /* Home */ = {
			isa = PBXGroup;
			children = (
				839B643D2C25801E00538818 /* Applications */,
				8314623B2C1A17D200900CB3 /* HomePageView.swift */,
				83D8C9042C23115500476558 /* HomePageModel.swift */,
				83D8C9062C2412FD00476558 /* HomePageViewModel.swift */,
			);
			path = Home;
			sourceTree = "<group>";
		};
		839B643D2C25801E00538818 /* Applications */ = {
			isa = PBXGroup;
			children = (
				839B64422C25805F00538818 /* SessionTimer */,
				839B64412C25805800538818 /* RotationTimer */,
				839B64402C25805000538818 /* Notes */,
				839B643F2C25803D00538818 /* TDDChecklist */,
				839B643E2C25803200538818 /* Memo */,
			);
			path = Applications;
			sourceTree = "<group>";
		};
		839B643E2C25803200538818 /* Memo */ = {
			isa = PBXGroup;
			children = (
			);
			path = Memo;
			sourceTree = "<group>";
		};
		839B643F2C25803D00538818 /* TDDChecklist */ = {
			isa = PBXGroup;
			children = (
				839B64492C25821800538818 /* TDDChecklistView.swift */,
			);
			path = TDDChecklist;
			sourceTree = "<group>";
		};
		839B64402C25805000538818 /* Notes */ = {
			isa = PBXGroup;
			children = (
				839B64472C2581C000538818 /* NotesView.swift */,
			);
			path = Notes;
			sourceTree = "<group>";
		};
		839B64412C25805800538818 /* RotationTimer */ = {
			isa = PBXGroup;
			children = (
				839B64452C25814D00538818 /* RotationTimerView.swift */,
			);
			path = RotationTimer;
			sourceTree = "<group>";
		};
		839B64422C25805F00538818 /* SessionTimer */ = {
			isa = PBXGroup;
			children = (
				839B64432C2580BF00538818 /* SessionTimerView.swift */,
			);
			path = SessionTimer;
			sourceTree = "<group>";
		};
/* End PBXGroup section */

/* Begin PBXNativeTarget section */
		8314620A2C19F91A00900CB3 /* CodingKit */ = {
			isa = PBXNativeTarget;
			buildConfigurationList = 831462302C19F91D00900CB3 /* Build configuration list for PBXNativeTarget "CodingKit" */;
			buildPhases = (
				831462072C19F91A00900CB3 /* Sources */,
				831462082C19F91A00900CB3 /* Frameworks */,
				831462092C19F91A00900CB3 /* Resources */,
			);
			buildRules = (
			);
			dependencies = (
			);
			name = CodingKit;
			productName = CodingKit;
			productReference = 8314620B2C19F91A00900CB3 /* CodingKit.app */;
			productType = "com.apple.product-type.application";
		};
		8314621B2C19F91D00900CB3 /* CodingKitTests */ = {
			isa = PBXNativeTarget;
			buildConfigurationList = 831462332C19F91D00900CB3 /* Build configuration list for PBXNativeTarget "CodingKitTests" */;
			buildPhases = (
				831462182C19F91D00900CB3 /* Sources */,
				831462192C19F91D00900CB3 /* Frameworks */,
				8314621A2C19F91D00900CB3 /* Resources */,
			);
			buildRules = (
			);
			dependencies = (
				8314621E2C19F91D00900CB3 /* PBXTargetDependency */,
			);
			name = CodingKitTests;
			productName = CodingKitTests;
			productReference = 8314621C2C19F91D00900CB3 /* CodingKitTests.xctest */;
			productType = "com.apple.product-type.bundle.unit-test";
		};
		831462252C19F91D00900CB3 /* CodingKitUITests */ = {
			isa = PBXNativeTarget;
			buildConfigurationList = 831462362C19F91D00900CB3 /* Build configuration list for PBXNativeTarget "CodingKitUITests" */;
			buildPhases = (
				831462222C19F91D00900CB3 /* Sources */,
				831462232C19F91D00900CB3 /* Frameworks */,
				831462242C19F91D00900CB3 /* Resources */,
			);
			buildRules = (
			);
			dependencies = (
				831462282C19F91D00900CB3 /* PBXTargetDependency */,
			);
			name = CodingKitUITests;
			productName = CodingKitUITests;
			productReference = 831462262C19F91D00900CB3 /* CodingKitUITests.xctest */;
			productType = "com.apple.product-type.bundle.ui-testing";
		};
/* End PBXNativeTarget section */

/* Begin PBXProject section */
		831462032C19F91A00900CB3 /* Project object */ = {
			isa = PBXProject;
			attributes = {
				BuildIndependentTargetsInParallel = 1;
				LastSwiftUpdateCheck = 1530;
				LastUpgradeCheck = 1540;
				TargetAttributes = {
					8314620A2C19F91A00900CB3 = {
						CreatedOnToolsVersion = 15.3;
					};
					8314621B2C19F91D00900CB3 = {
						CreatedOnToolsVersion = 15.3;
						TestTargetID = 8314620A2C19F91A00900CB3;
					};
					831462252C19F91D00900CB3 = {
						CreatedOnToolsVersion = 15.3;
						TestTargetID = 8314620A2C19F91A00900CB3;
					};
				};
			};
			buildConfigurationList = 831462062C19F91A00900CB3 /* Build configuration list for PBXProject "CodingKit" */;
			compatibilityVersion = "Xcode 14.0";
			developmentRegion = en;
			hasScannedForEncodings = 0;
			knownRegions = (
				en,
				Base,
			);
			mainGroup = 831462022C19F91A00900CB3;
			productRefGroup = 8314620C2C19F91A00900CB3 /* Products */;
			projectDirPath = "";
			projectRoot = "";
			targets = (
				8314620A2C19F91A00900CB3 /* CodingKit */,
				8314621B2C19F91D00900CB3 /* CodingKitTests */,
				831462252C19F91D00900CB3 /* CodingKitUITests */,
			);
		};
/* End PBXProject section */

/* Begin PBXResourcesBuildPhase section */
		831462092C19F91A00900CB3 /* Resources */ = {
			isa = PBXResourcesBuildPhase;
			buildActionMask = 2147483647;
			files = (
				831462172C19F91D00900CB3 /* Preview Assets.xcassets in Resources */,
				831462132C19F91D00900CB3 /* Assets.xcassets in Resources */,
			);
			runOnlyForDeploymentPostprocessing = 0;
		};
		8314621A2C19F91D00900CB3 /* Resources */ = {
			isa = PBXResourcesBuildPhase;
			buildActionMask = 2147483647;
			files = (
			);
			runOnlyForDeploymentPostprocessing = 0;
		};
		831462242C19F91D00900CB3 /* Resources */ = {
			isa = PBXResourcesBuildPhase;
			buildActionMask = 2147483647;
			files = (
			);
			runOnlyForDeploymentPostprocessing = 0;
		};
/* End PBXResourcesBuildPhase section */

/* Begin PBXSourcesBuildPhase section */
		831462072C19F91A00900CB3 /* Sources */ = {
			isa = PBXSourcesBuildPhase;
			buildActionMask = 2147483647;
			files = (
				8314623A2C1A14D300900CB3 /* ProfilePageView.swift in Sources */,
				831462112C19F91A00900CB3 /* CodingKitTabView.swift in Sources */,
				839B64462C25814D00538818 /* RotationTimerView.swift in Sources */,
				831462452C22DA2F00900CB3 /* LoginViewModel.swift in Sources */,
				8314620F2C19F91A00900CB3 /* CodingKitApp.swift in Sources */,
				83D8C9072C2412FD00476558 /* HomePageViewModel.swift in Sources */,
				839B64482C2581C000538818 /* NotesView.swift in Sources */,
				8314623E2C1AE54300900CB3 /* LoginView.swift in Sources */,
				83D8C9052C23115500476558 /* HomePageModel.swift in Sources */,
				839B64442C2580BF00538818 /* SessionTimerView.swift in Sources */,
				839B644A2C25821800538818 /* TDDChecklistView.swift in Sources */,
				8314623C2C1A17D200900CB3 /* HomePageView.swift in Sources */,
			);
			runOnlyForDeploymentPostprocessing = 0;
		};
		831462182C19F91D00900CB3 /* Sources */ = {
			isa = PBXSourcesBuildPhase;
			buildActionMask = 2147483647;
			files = (
				839B643C2C25617600538818 /* HomePageViewModelTests.swift in Sources */,
				831462212C19F91D00900CB3 /* LoginViewModelTests.swift in Sources */,
			);
			runOnlyForDeploymentPostprocessing = 0;
		};
		831462222C19F91D00900CB3 /* Sources */ = {
			isa = PBXSourcesBuildPhase;
			buildActionMask = 2147483647;
			files = (
				8314622B2C19F91D00900CB3 /* CodingKitUITests.swift in Sources */,
				8314622D2C19F91D00900CB3 /* CodingKitUITestsLaunchTests.swift in Sources */,
			);
			runOnlyForDeploymentPostprocessing = 0;
		};
/* End PBXSourcesBuildPhase section */

/* Begin PBXTargetDependency section */
		8314621E2C19F91D00900CB3 /* PBXTargetDependency */ = {
			isa = PBXTargetDependency;
			target = 8314620A2C19F91A00900CB3 /* CodingKit */;
			targetProxy = 8314621D2C19F91D00900CB3 /* PBXContainerItemProxy */;
		};
		831462282C19F91D00900CB3 /* PBXTargetDependency */ = {
			isa = PBXTargetDependency;
			target = 8314620A2C19F91A00900CB3 /* CodingKit */;
			targetProxy = 831462272C19F91D00900CB3 /* PBXContainerItemProxy */;
		};
/* End PBXTargetDependency section */

/* Begin XCBuildConfiguration section */
		8314622E2C19F91D00900CB3 /* Debug */ = {
			isa = XCBuildConfiguration;
			buildSettings = {
				ALWAYS_SEARCH_USER_PATHS = NO;
				ASSETCATALOG_COMPILER_GENERATE_SWIFT_ASSET_SYMBOL_EXTENSIONS = YES;
				CLANG_ANALYZER_NONNULL = YES;
				CLANG_ANALYZER_NUMBER_OBJECT_CONVERSION = YES_AGGRESSIVE;
				CLANG_CXX_LANGUAGE_STANDARD = "gnu++20";
				CLANG_ENABLE_MODULES = YES;
				CLANG_ENABLE_OBJC_ARC = YES;
				CLANG_ENABLE_OBJC_WEAK = YES;
				CLANG_WARN_BLOCK_CAPTURE_AUTORELEASING = YES;
				CLANG_WARN_BOOL_CONVERSION = YES;
				CLANG_WARN_COMMA = YES;
				CLANG_WARN_CONSTANT_CONVERSION = YES;
				CLANG_WARN_DEPRECATED_OBJC_IMPLEMENTATIONS = YES;
				CLANG_WARN_DIRECT_OBJC_ISA_USAGE = YES_ERROR;
				CLANG_WARN_DOCUMENTATION_COMMENTS = YES;
				CLANG_WARN_EMPTY_BODY = YES;
				CLANG_WARN_ENUM_CONVERSION = YES;
				CLANG_WARN_INFINITE_RECURSION = YES;
				CLANG_WARN_INT_CONVERSION = YES;
				CLANG_WARN_NON_LITERAL_NULL_CONVERSION = YES;
				CLANG_WARN_OBJC_IMPLICIT_RETAIN_SELF = YES;
				CLANG_WARN_OBJC_LITERAL_CONVERSION = YES;
				CLANG_WARN_OBJC_ROOT_CLASS = YES_ERROR;
				CLANG_WARN_QUOTED_INCLUDE_IN_FRAMEWORK_HEADER = YES;
				CLANG_WARN_RANGE_LOOP_ANALYSIS = YES;
				CLANG_WARN_STRICT_PROTOTYPES = YES;
				CLANG_WARN_SUSPICIOUS_MOVE = YES;
				CLANG_WARN_UNGUARDED_AVAILABILITY = YES_AGGRESSIVE;
				CLANG_WARN_UNREACHABLE_CODE = YES;
				CLANG_WARN__DUPLICATE_METHOD_MATCH = YES;
				COPY_PHASE_STRIP = NO;
				DEAD_CODE_STRIPPING = YES;
				DEBUG_INFORMATION_FORMAT = dwarf;
				ENABLE_STRICT_OBJC_MSGSEND = YES;
				ENABLE_TESTABILITY = YES;
				ENABLE_USER_SCRIPT_SANDBOXING = YES;
				GCC_C_LANGUAGE_STANDARD = gnu17;
				GCC_DYNAMIC_NO_PIC = NO;
				GCC_NO_COMMON_BLOCKS = YES;
				GCC_OPTIMIZATION_LEVEL = 0;
				GCC_PREPROCESSOR_DEFINITIONS = (
					"DEBUG=1",
					"$(inherited)",
				);
				GCC_WARN_64_TO_32_BIT_CONVERSION = YES;
				GCC_WARN_ABOUT_RETURN_TYPE = YES_ERROR;
				GCC_WARN_UNDECLARED_SELECTOR = YES;
				GCC_WARN_UNINITIALIZED_AUTOS = YES_AGGRESSIVE;
				GCC_WARN_UNUSED_FUNCTION = YES;
				GCC_WARN_UNUSED_VARIABLE = YES;
				LOCALIZATION_PREFERS_STRING_CATALOGS = YES;
				MTL_ENABLE_DEBUG_INFO = INCLUDE_SOURCE;
				MTL_FAST_MATH = YES;
				ONLY_ACTIVE_ARCH = YES;
				SWIFT_ACTIVE_COMPILATION_CONDITIONS = "DEBUG $(inherited)";
				SWIFT_OPTIMIZATION_LEVEL = "-Onone";
			};
			name = Debug;
		};
		8314622F2C19F91D00900CB3 /* Release */ = {
			isa = XCBuildConfiguration;
			buildSettings = {
				ALWAYS_SEARCH_USER_PATHS = NO;
				ASSETCATALOG_COMPILER_GENERATE_SWIFT_ASSET_SYMBOL_EXTENSIONS = YES;
				CLANG_ANALYZER_NONNULL = YES;
				CLANG_ANALYZER_NUMBER_OBJECT_CONVERSION = YES_AGGRESSIVE;
				CLANG_CXX_LANGUAGE_STANDARD = "gnu++20";
				CLANG_ENABLE_MODULES = YES;
				CLANG_ENABLE_OBJC_ARC = YES;
				CLANG_ENABLE_OBJC_WEAK = YES;
				CLANG_WARN_BLOCK_CAPTURE_AUTORELEASING = YES;
				CLANG_WARN_BOOL_CONVERSION = YES;
				CLANG_WARN_COMMA = YES;
				CLANG_WARN_CONSTANT_CONVERSION = YES;
				CLANG_WARN_DEPRECATED_OBJC_IMPLEMENTATIONS = YES;
				CLANG_WARN_DIRECT_OBJC_ISA_USAGE = YES_ERROR;
				CLANG_WARN_DOCUMENTATION_COMMENTS = YES;
				CLANG_WARN_EMPTY_BODY = YES;
				CLANG_WARN_ENUM_CONVERSION = YES;
				CLANG_WARN_INFINITE_RECURSION = YES;
				CLANG_WARN_INT_CONVERSION = YES;
				CLANG_WARN_NON_LITERAL_NULL_CONVERSION = YES;
				CLANG_WARN_OBJC_IMPLICIT_RETAIN_SELF = YES;
				CLANG_WARN_OBJC_LITERAL_CONVERSION = YES;
				CLANG_WARN_OBJC_ROOT_CLASS = YES_ERROR;
				CLANG_WARN_QUOTED_INCLUDE_IN_FRAMEWORK_HEADER = YES;
				CLANG_WARN_RANGE_LOOP_ANALYSIS = YES;
				CLANG_WARN_STRICT_PROTOTYPES = YES;
				CLANG_WARN_SUSPICIOUS_MOVE = YES;
				CLANG_WARN_UNGUARDED_AVAILABILITY = YES_AGGRESSIVE;
				CLANG_WARN_UNREACHABLE_CODE = YES;
				CLANG_WARN__DUPLICATE_METHOD_MATCH = YES;
				COPY_PHASE_STRIP = NO;
				DEAD_CODE_STRIPPING = YES;
				DEBUG_INFORMATION_FORMAT = "dwarf-with-dsym";
				ENABLE_NS_ASSERTIONS = NO;
				ENABLE_STRICT_OBJC_MSGSEND = YES;
				ENABLE_USER_SCRIPT_SANDBOXING = YES;
				GCC_C_LANGUAGE_STANDARD = gnu17;
				GCC_NO_COMMON_BLOCKS = YES;
				GCC_WARN_64_TO_32_BIT_CONVERSION = YES;
				GCC_WARN_ABOUT_RETURN_TYPE = YES_ERROR;
				GCC_WARN_UNDECLARED_SELECTOR = YES;
				GCC_WARN_UNINITIALIZED_AUTOS = YES_AGGRESSIVE;
				GCC_WARN_UNUSED_FUNCTION = YES;
				GCC_WARN_UNUSED_VARIABLE = YES;
				LOCALIZATION_PREFERS_STRING_CATALOGS = YES;
				MTL_ENABLE_DEBUG_INFO = NO;
				MTL_FAST_MATH = YES;
				SWIFT_COMPILATION_MODE = wholemodule;
			};
			name = Release;
		};
		831462312C19F91D00900CB3 /* Debug */ = {
			isa = XCBuildConfiguration;
			buildSettings = {
				ASSETCATALOG_COMPILER_APPICON_NAME = AppIcon;
				ASSETCATALOG_COMPILER_GLOBAL_ACCENT_COLOR_NAME = AccentColor;
				CODE_SIGN_ENTITLEMENTS = CodingKit/CodingKit.entitlements;
				CODE_SIGN_STYLE = Automatic;
				CURRENT_PROJECT_VERSION = 1;
				DEAD_CODE_STRIPPING = YES;
				DEVELOPMENT_ASSET_PATHS = "\"CodingKit/Preview Content\"";
				DEVELOPMENT_TEAM = Z83U783DR6;
				ENABLE_HARDENED_RUNTIME = YES;
				ENABLE_PREVIEWS = YES;
				GENERATE_INFOPLIST_FILE = YES;
				"INFOPLIST_KEY_UIApplicationSceneManifest_Generation[sdk=iphoneos*]" = YES;
				"INFOPLIST_KEY_UIApplicationSceneManifest_Generation[sdk=iphonesimulator*]" = YES;
				"INFOPLIST_KEY_UIApplicationSupportsIndirectInputEvents[sdk=iphoneos*]" = YES;
				"INFOPLIST_KEY_UIApplicationSupportsIndirectInputEvents[sdk=iphonesimulator*]" = YES;
				"INFOPLIST_KEY_UILaunchScreen_Generation[sdk=iphoneos*]" = YES;
				"INFOPLIST_KEY_UILaunchScreen_Generation[sdk=iphonesimulator*]" = YES;
				"INFOPLIST_KEY_UIStatusBarStyle[sdk=iphoneos*]" = UIStatusBarStyleDefault;
				"INFOPLIST_KEY_UIStatusBarStyle[sdk=iphonesimulator*]" = UIStatusBarStyleDefault;
				INFOPLIST_KEY_UISupportedInterfaceOrientations_iPad = "UIInterfaceOrientationPortrait UIInterfaceOrientationPortraitUpsideDown UIInterfaceOrientationLandscapeLeft UIInterfaceOrientationLandscapeRight";
				INFOPLIST_KEY_UISupportedInterfaceOrientations_iPhone = "UIInterfaceOrientationPortrait UIInterfaceOrientationLandscapeLeft UIInterfaceOrientationLandscapeRight";
				IPHONEOS_DEPLOYMENT_TARGET = 17.5;
				LD_RUNPATH_SEARCH_PATHS = "@executable_path/Frameworks";
				"LD_RUNPATH_SEARCH_PATHS[sdk=macosx*]" = "@executable_path/../Frameworks";
				MACOSX_DEPLOYMENT_TARGET = 14.4;
				MARKETING_VERSION = 1.0;
				PRODUCT_BUNDLE_IDENTIFIER = arman.CodingKit;
				PRODUCT_NAME = "$(TARGET_NAME)";
				SDKROOT = auto;
				SUPPORTED_PLATFORMS = "iphoneos iphonesimulator macosx";
				SWIFT_EMIT_LOC_STRINGS = YES;
				SWIFT_VERSION = 5.0;
				TARGETED_DEVICE_FAMILY = "1,2";
			};
			name = Debug;
		};
		831462322C19F91D00900CB3 /* Release */ = {
			isa = XCBuildConfiguration;
			buildSettings = {
				ASSETCATALOG_COMPILER_APPICON_NAME = AppIcon;
				ASSETCATALOG_COMPILER_GLOBAL_ACCENT_COLOR_NAME = AccentColor;
				CODE_SIGN_ENTITLEMENTS = CodingKit/CodingKit.entitlements;
				CODE_SIGN_STYLE = Automatic;
				CURRENT_PROJECT_VERSION = 1;
				DEAD_CODE_STRIPPING = YES;
				DEVELOPMENT_ASSET_PATHS = "\"CodingKit/Preview Content\"";
				DEVELOPMENT_TEAM = Z83U783DR6;
				ENABLE_HARDENED_RUNTIME = YES;
				ENABLE_PREVIEWS = YES;
				GENERATE_INFOPLIST_FILE = YES;
				"INFOPLIST_KEY_UIApplicationSceneManifest_Generation[sdk=iphoneos*]" = YES;
				"INFOPLIST_KEY_UIApplicationSceneManifest_Generation[sdk=iphonesimulator*]" = YES;
				"INFOPLIST_KEY_UIApplicationSupportsIndirectInputEvents[sdk=iphoneos*]" = YES;
				"INFOPLIST_KEY_UIApplicationSupportsIndirectInputEvents[sdk=iphonesimulator*]" = YES;
				"INFOPLIST_KEY_UILaunchScreen_Generation[sdk=iphoneos*]" = YES;
				"INFOPLIST_KEY_UILaunchScreen_Generation[sdk=iphonesimulator*]" = YES;
				"INFOPLIST_KEY_UIStatusBarStyle[sdk=iphoneos*]" = UIStatusBarStyleDefault;
				"INFOPLIST_KEY_UIStatusBarStyle[sdk=iphonesimulator*]" = UIStatusBarStyleDefault;
				INFOPLIST_KEY_UISupportedInterfaceOrientations_iPad = "UIInterfaceOrientationPortrait UIInterfaceOrientationPortraitUpsideDown UIInterfaceOrientationLandscapeLeft UIInterfaceOrientationLandscapeRight";
				INFOPLIST_KEY_UISupportedInterfaceOrientations_iPhone = "UIInterfaceOrientationPortrait UIInterfaceOrientationLandscapeLeft UIInterfaceOrientationLandscapeRight";
				IPHONEOS_DEPLOYMENT_TARGET = 17.5;
				LD_RUNPATH_SEARCH_PATHS = "@executable_path/Frameworks";
				"LD_RUNPATH_SEARCH_PATHS[sdk=macosx*]" = "@executable_path/../Frameworks";
				MACOSX_DEPLOYMENT_TARGET = 14.4;
				MARKETING_VERSION = 1.0;
				PRODUCT_BUNDLE_IDENTIFIER = arman.CodingKit;
				PRODUCT_NAME = "$(TARGET_NAME)";
				SDKROOT = auto;
				SUPPORTED_PLATFORMS = "iphoneos iphonesimulator macosx";
				SWIFT_EMIT_LOC_STRINGS = YES;
				SWIFT_VERSION = 5.0;
				TARGETED_DEVICE_FAMILY = "1,2";
			};
			name = Release;
		};
		831462342C19F91D00900CB3 /* Debug */ = {
			isa = XCBuildConfiguration;
			buildSettings = {
				ALWAYS_EMBED_SWIFT_STANDARD_LIBRARIES = YES;
				BUNDLE_LOADER = "$(TEST_HOST)";
				CODE_SIGN_STYLE = Automatic;
				CURRENT_PROJECT_VERSION = 1;
				DEAD_CODE_STRIPPING = YES;
				DEVELOPMENT_TEAM = Z83U783DR6;
				GENERATE_INFOPLIST_FILE = YES;
				IPHONEOS_DEPLOYMENT_TARGET = 17.5;
				MACOSX_DEPLOYMENT_TARGET = 14.4;
				MARKETING_VERSION = 1.0;
				PRODUCT_BUNDLE_IDENTIFIER = arman.CodingKitTests;
				PRODUCT_NAME = "$(TARGET_NAME)";
				SDKROOT = auto;
				SUPPORTED_PLATFORMS = "iphoneos iphonesimulator macosx";
				SWIFT_EMIT_LOC_STRINGS = NO;
				SWIFT_VERSION = 5.0;
				TARGETED_DEVICE_FAMILY = "1,2";
				TEST_HOST = "$(BUILT_PRODUCTS_DIR)/CodingKit.app/$(BUNDLE_EXECUTABLE_FOLDER_PATH)/CodingKit";
			};
			name = Debug;
		};
		831462352C19F91D00900CB3 /* Release */ = {
			isa = XCBuildConfiguration;
			buildSettings = {
				ALWAYS_EMBED_SWIFT_STANDARD_LIBRARIES = YES;
				BUNDLE_LOADER = "$(TEST_HOST)";
				CODE_SIGN_STYLE = Automatic;
				CURRENT_PROJECT_VERSION = 1;
				DEAD_CODE_STRIPPING = YES;
				DEVELOPMENT_TEAM = Z83U783DR6;
				GENERATE_INFOPLIST_FILE = YES;
				IPHONEOS_DEPLOYMENT_TARGET = 17.5;
				MACOSX_DEPLOYMENT_TARGET = 14.4;
				MARKETING_VERSION = 1.0;
				PRODUCT_BUNDLE_IDENTIFIER = arman.CodingKitTests;
				PRODUCT_NAME = "$(TARGET_NAME)";
				SDKROOT = auto;
				SUPPORTED_PLATFORMS = "iphoneos iphonesimulator macosx";
				SWIFT_EMIT_LOC_STRINGS = NO;
				SWIFT_VERSION = 5.0;
				TARGETED_DEVICE_FAMILY = "1,2";
				TEST_HOST = "$(BUILT_PRODUCTS_DIR)/CodingKit.app/$(BUNDLE_EXECUTABLE_FOLDER_PATH)/CodingKit";
			};
			name = Release;
		};
		831462372C19F91D00900CB3 /* Debug */ = {
			isa = XCBuildConfiguration;
			buildSettings = {
				ALWAYS_EMBED_SWIFT_STANDARD_LIBRARIES = YES;
				CODE_SIGN_STYLE = Automatic;
				CURRENT_PROJECT_VERSION = 1;
				DEAD_CODE_STRIPPING = YES;
				DEVELOPMENT_TEAM = Z83U783DR6;
				GENERATE_INFOPLIST_FILE = YES;
				IPHONEOS_DEPLOYMENT_TARGET = 17.4;
				MACOSX_DEPLOYMENT_TARGET = 14.4;
				MARKETING_VERSION = 1.0;
				PRODUCT_BUNDLE_IDENTIFIER = arman.CodingKitUITests;
				PRODUCT_NAME = "$(TARGET_NAME)";
				SDKROOT = auto;
				SUPPORTED_PLATFORMS = "iphoneos iphonesimulator macosx";
				SWIFT_EMIT_LOC_STRINGS = NO;
				SWIFT_VERSION = 5.0;
				TARGETED_DEVICE_FAMILY = "1,2";
				TEST_TARGET_NAME = CodingKit;
			};
			name = Debug;
		};
		831462382C19F91D00900CB3 /* Release */ = {
			isa = XCBuildConfiguration;
			buildSettings = {
				ALWAYS_EMBED_SWIFT_STANDARD_LIBRARIES = YES;
				CODE_SIGN_STYLE = Automatic;
				CURRENT_PROJECT_VERSION = 1;
				DEAD_CODE_STRIPPING = YES;
				DEVELOPMENT_TEAM = Z83U783DR6;
				GENERATE_INFOPLIST_FILE = YES;
				IPHONEOS_DEPLOYMENT_TARGET = 17.4;
				MACOSX_DEPLOYMENT_TARGET = 14.4;
				MARKETING_VERSION = 1.0;
				PRODUCT_BUNDLE_IDENTIFIER = arman.CodingKitUITests;
				PRODUCT_NAME = "$(TARGET_NAME)";
				SDKROOT = auto;
				SUPPORTED_PLATFORMS = "iphoneos iphonesimulator macosx";
				SWIFT_EMIT_LOC_STRINGS = NO;
				SWIFT_VERSION = 5.0;
				TARGETED_DEVICE_FAMILY = "1,2";
				TEST_TARGET_NAME = CodingKit;
			};
			name = Release;
		};
/* End XCBuildConfiguration section */

/* Begin XCConfigurationList section */
		831462062C19F91A00900CB3 /* Build configuration list for PBXProject "CodingKit" */ = {
			isa = XCConfigurationList;
			buildConfigurations = (
				8314622E2C19F91D00900CB3 /* Debug */,
				8314622F2C19F91D00900CB3 /* Release */,
			);
			defaultConfigurationIsVisible = 0;
			defaultConfigurationName = Release;
		};
		831462302C19F91D00900CB3 /* Build configuration list for PBXNativeTarget "CodingKit" */ = {
			isa = XCConfigurationList;
			buildConfigurations = (
				831462312C19F91D00900CB3 /* Debug */,
				831462322C19F91D00900CB3 /* Release */,
			);
			defaultConfigurationIsVisible = 0;
			defaultConfigurationName = Release;
		};
		831462332C19F91D00900CB3 /* Build configuration list for PBXNativeTarget "CodingKitTests" */ = {
			isa = XCConfigurationList;
			buildConfigurations = (
				831462342C19F91D00900CB3 /* Debug */,
				831462352C19F91D00900CB3 /* Release */,
			);
			defaultConfigurationIsVisible = 0;
			defaultConfigurationName = Release;
		};
		831462362C19F91D00900CB3 /* Build configuration list for PBXNativeTarget "CodingKitUITests" */ = {
			isa = XCConfigurationList;
			buildConfigurations = (
				831462372C19F91D00900CB3 /* Debug */,
				831462382C19F91D00900CB3 /* Release */,
			);
			defaultConfigurationIsVisible = 0;
			defaultConfigurationName = Release;
		};
/* End XCConfigurationList section */
	};
	rootObject = 831462032C19F91A00900CB3 /* Project object */;
}
